// !$*UTF8*$!
{
	archiveVersion = 1;
	classes = {
	};
	objectVersion = 46;
	objects = {

/* Begin PBXBuildFile section */
		1B492F1C1F8779E90050E7E8 /* BinaryTree_Test.cpp in Sources */ = {isa = PBXBuildFile; fileRef = 1B492F1B1F8779E90050E7E8 /* BinaryTree_Test.cpp */; };
/* End PBXBuildFile section */

/* Begin PBXCopyFilesBuildPhase section */
		1B492F0C1F87799E0050E7E8 /* CopyFiles */ = {
			isa = PBXCopyFilesBuildPhase;
			buildActionMask = 2147483647;
			dstPath = /usr/share/man/man1/;
			dstSubfolderSpec = 0;
			files = (
			);
			runOnlyForDeploymentPostprocessing = 1;
		};
/* End PBXCopyFilesBuildPhase section */

/* Begin PBXFileReference section */
		1B492F0E1F87799E0050E7E8 /* BinaryTree_Test */ = {isa = PBXFileReference; explicitFileType = "compiled.mach-o.executable"; includeInIndex = 0; path = BinaryTree_Test; sourceTree = BUILT_PRODUCTS_DIR; };
		1B492F191F8779C20050E7E8 /* BinaryTree.hpp */ = {isa = PBXFileReference; fileEncoding = 4; lastKnownFileType = sourcecode.cpp.h; name = BinaryTree.hpp; path = ../../Sources/Structures/BinaryTree/BinaryTree.hpp; sourceTree = "<group>"; };
		1B492F1B1F8779E90050E7E8 /* BinaryTree_Test.cpp */ = {isa = PBXFileReference; fileEncoding = 4; lastKnownFileType = sourcecode.cpp.cpp; name = BinaryTree_Test.cpp; path = ../../Tests/BinaryTree_Test.cpp; sourceTree = "<group>"; };
/* End PBXFileReference section */

/* Begin PBXFrameworksBuildPhase section */
		1B492F0B1F87799E0050E7E8 /* Frameworks */ = {
			isa = PBXFrameworksBuildPhase;
			buildActionMask = 2147483647;
			files = (
			);
			runOnlyForDeploymentPostprocessing = 0;
		};
/* End PBXFrameworksBuildPhase section */

/* Begin PBXGroup section */
		1B492F051F87799E0050E7E8 = {
			isa = PBXGroup;
			children = (
				1B492F191F8779C20050E7E8 /* BinaryTree.hpp */,
				1B492F1B1F8779E90050E7E8 /* BinaryTree_Test.cpp */,
				1B492F0F1F87799E0050E7E8 /* Products */,
			);
			sourceTree = "<group>";
		};
		1B492F0F1F87799E0050E7E8 /* Products */ = {
			isa = PBXGroup;
			children = (
				1B492F0E1F87799E0050E7E8 /* BinaryTree_Test */,
			);
			name = Products;
			sourceTree = "<group>";
		};
/* End PBXGroup section */

/* Begin PBXNativeTarget section */
		1B492F0D1F87799E0050E7E8 /* BinaryTree_Test */ = {
			isa = PBXNativeTarget;
			buildConfigurationList = 1B492F151F87799E0050E7E8 /* Build configuration list for PBXNativeTarget "BinaryTree_Test" */;
			buildPhases = (
				1B492F0A1F87799E0050E7E8 /* Sources */,
				1B492F0B1F87799E0050E7E8 /* Frameworks */,
				1B492F0C1F87799E0050E7E8 /* CopyFiles */,
			);
			buildRules = (
			);
			dependencies = (
			);
			name = BinaryTree_Test;
			productName = BinaryTree_Test;
			productReference = 1B492F0E1F87799E0050E7E8 /* BinaryTree_Test */;
			productType = "com.apple.product-type.tool";
		};
/* End PBXNativeTarget section */

/* Begin PBXProject section */
		1B492F061F87799E0050E7E8 /* Project object */ = {
			isa = PBXProject;
			attributes = {
				LastUpgradeCheck = 0820;
				ORGANIZATIONNAME = vadaskovich;
				TargetAttributes = {
					1B492F0D1F87799E0050E7E8 = {
						CreatedOnToolsVersion = 8.2.1;
						DevelopmentTeam = 6K7LDSXBZL;
						ProvisioningStyle = Automatic;
					};
				};
			};
			buildConfigurationList = 1B492F091F87799E0050E7E8 /* Build configuration list for PBXProject "BinaryTree_Test" */;
			compatibilityVersion = "Xcode 3.2";
			developmentRegion = English;
			hasScannedForEncodings = 0;
			knownRegions = (
				en,
			);
			mainGroup = 1B492F051F87799E0050E7E8;
			productRefGroup = 1B492F0F1F87799E0050E7E8 /* Products */;
			projectDirPath = "";
			projectRoot = "";
			targets = (
				1B492F0D1F87799E0050E7E8 /* BinaryTree_Test */,
			);
		};
/* End PBXProject section */

/* Begin PBXSourcesBuildPhase section */
		1B492F0A1F87799E0050E7E8 /* Sources */ = {
			isa = PBXSourcesBuildPhase;
			buildActionMask = 2147483647;
			files = (
				1B492F1C1F8779E90050E7E8 /* BinaryTree_Test.cpp in Sources */,
			);
			runOnlyForDeploymentPostprocessing = 0;
		};
/* End PBXSourcesBuildPhase section */

/* Begin XCBuildConfiguration section */
		1B492F131F87799E0050E7E8 /* Debug */ = {
			isa = XCBuildConfiguration;
			buildSettings = {
				ALWAYS_SEARCH_USER_PATHS = NO;
				CLANG_ANALYZER_NONNULL = YES;
				CLANG_CXX_LANGUAGE_STANDARD = "gnu++0x";
				CLANG_CXX_LIBRARY = "libc++";
				CLANG_ENABLE_MODULES = YES;
				CLANG_ENABLE_OBJC_ARC = YES;
				CLANG_WARN_BOOL_CONVERSION = YES;
				CLANG_WARN_CONSTANT_CONVERSION = YES;
				CLANG_WARN_DIRECT_OBJC_ISA_USAGE = YES_ERROR;
				CLANG_WARN_DOCUMENTATION_COMMENTS = YES;
				CLANG_WARN_EMPTY_BODY = YES;
				CLANG_WARN_ENUM_CONVERSION = YES;
				CLANG_WARN_INFINITE_RECURSION = YES;
				CLANG_WARN_INT_CONVERSION = YES;
				CLANG_WARN_OBJC_ROOT_CLASS = YES_ERROR;
				CLANG_WARN_SUSPICIOUS_MOVE = YES;
				CLANG_WARN_UNREACHABLE_CODE = YES;
				CLANG_WARN__DUPLICATE_METHOD_MATCH = YES;
				CODE_SIGN_IDENTITY = "-";
				COPY_PHASE_STRIP = NO;
				DEBUG_INFORMATION_FORMAT = dwarf;
				ENABLE_STRICT_OBJC_MSGSEND = YES;
				ENABLE_TESTABILITY = YES;
				GCC_C_LANGUAGE_STANDARD = gnu99;
				GCC_DYNAMIC_NO_PIC = NO;
				GCC_NO_COMMON_BLOCKS = YES;
				GCC_OPTIMIZATION_LEVEL = 0;
				GCC_PREPROCESSOR_DEFINITIONS = (
					"DEBUG=1",
					"$(inherited)",
				);
				GCC_WARN_64_TO_32_BIT_CONVERSION = YES;
				GCC_WARN_ABOUT_RETURN_TYPE = YES_ERROR;
				GCC_WARN_UNDECLARED_SELECTOR = YES;
				GCC_WARN_UNINITIALIZED_AUTOS = YES_AGGRESSIVE;
				GCC_WARN_UNUSED_FUNCTION = YES;
				GCC_WARN_UNUSED_VARIABLE = YES;
				MACOSX_DEPLOYMENT_TARGET = 10.12;
				MTL_ENABLE_DEBUG_INFO = YES;
				ONLY_ACTIVE_ARCH = YES;
				SDKROOT = macosx;
			};
			name = Debug;
		};
		1B492F141F87799E0050E7E8 /* Release */ = {
			isa = XCBuildConfiguration;
			buildSettings = {
				ALWAYS_SEARCH_USER_PATHS = NO;
				CLANG_ANALYZER_NONNULL = YES;
				CLANG_CXX_LANGUAGE_STANDARD = "gnu++0x";
				CLANG_CXX_LIBRARY = "libc++";
				CLANG_ENABLE_MODULES = YES;
				CLANG_ENABLE_OBJC_ARC = YES;
				CLANG_WARN_BOOL_CONVERSION = YES;
				CLANG_WARN_CONSTANT_CONVERSION = YES;
				CLANG_WARN_DIRECT_OBJC_ISA_USAGE = YES_ERROR;
				CLANG_WARN_DOCUMENTATION_COMMENTS = YES;
				CLANG_WARN_EMPTY_BODY = YES;
				CLANG_WARN_ENUM_CONVERSION = YES;
				CLANG_WARN_INFINITE_RECURSION = YES;
				CLANG_WARN_INT_CONVERSION = YES;
				CLANG_WARN_OBJC_ROOT_CLASS = YES_ERROR;
				CLANG_WARN_SUSPICIOUS_MOVE = YES;
				CLANG_WARN_UNREACHABLE_CODE = YES;
				CLANG_WARN__DUPLICATE_METHOD_MATCH = YES;
				CODE_SIGN_IDENTITY = "-";
				COPY_PHASE_STRIP = NO;
				DEBUG_INFORMATION_FORMAT = "dwarf-with-dsym";
				ENABLE_NS_ASSERTIONS = NO;
				ENABLE_STRICT_OBJC_MSGSEND = YES;
				GCC_C_LANGUAGE_STANDARD = gnu99;
				GCC_NO_COMMON_BLOCKS = YES;
				GCC_WARN_64_TO_32_BIT_CONVERSION = YES;
				GCC_WARN_ABOUT_RETURN_TYPE = YES_ERROR;
				GCC_WARN_UNDECLARED_SELECTOR = YES;
				GCC_WARN_UNINITIALIZED_AUTOS = YES_AGGRESSIVE;
				GCC_WARN_UNUSED_FUNCTION = YES;
				GCC_WARN_UNUSED_VARIABLE = YES;
				MACOSX_DEPLOYMENT_TARGET = 10.12;
				MTL_ENABLE_DEBUG_INFO = NO;
				SDKROOT = macosx;
			};
			name = Release;
		};
		1B492F161F87799E0050E7E8 /* Debug */ = {
			isa = XCBuildConfiguration;
			buildSettings = {
				DEVELOPMENT_TEAM = 6K7LDSXBZL;
				HEADER_SEARCH_PATHS = "\"$(SRCROOT)/../../Sources\"";
				PRODUCT_NAME = "$(TARGET_NAME)";
				USER_HEADER_SEARCH_PATHS = "\"$(SRCROOT)/../../Sources\"";
			};
			name = Debug;
		};
		1B492F171F87799E0050E7E8 /* Release */ = {
			isa = XCBuildConfiguration;
			buildSettings = {
				DEVELOPMENT_TEAM = 6K7LDSXBZL;
				HEADER_SEARCH_PATHS = "\"$(SRCROOT)/../../Sources\"";
				PRODUCT_NAME = "$(TARGET_NAME)";
				USER_HEADER_SEARCH_PATHS = "\"$(SRCROOT)/../../Sources\"";
			};
			name = Release;
		};
/* End XCBuildConfiguration section */

/* Begin XCConfigurationList section */
		1B492F091F87799E0050E7E8 /* Build configuration list for PBXProject "BinaryTree_Test" */ = {
			isa = XCConfigurationList;
			buildConfigurations = (
				1B492F131F87799E0050E7E8 /* Debug */,
				1B492F141F87799E0050E7E8 /* Release */,
			);
			defaultConfigurationIsVisible = 0;
			defaultConfigurationName = Release;
		};
		1B492F151F87799E0050E7E8 /* Build configuration list for PBXNativeTarget "BinaryTree_Test" */ = {
			isa = XCConfigurationList;
			buildConfigurations = (
				1B492F161F87799E0050E7E8 /* Debug */,
				1B492F171F87799E0050E7E8 /* Release */,
			);
			defaultConfigurationIsVisible = 0;
			defaultConfigurationName = Release;
		};
/* End XCConfigurationList section */
	};
	rootObject = 1B492F061F87799E0050E7E8 /* Project object */;
}
